
Microsoft Visual Studio Solution File, Format Version 12.00
# Visual Studio Version 16
VisualStudioVersion = 16.0.30907.101
MinimumVisualStudioVersion = 10.0.40219.1
Project("{8BC9CEB8-8B4A-11D0-8D11-00A0C91BC942}") = "Regshot", "regshot_vs2010.vcxproj", "{4C971282-E758-4BA4-B2EF-905613EAADD8}"
EndProject
Project("{2150E333-8FDC-42A3-9474-1A3956D46DE8}") = "Solution Items", "Solution Items", "{F255DC0A-2440-43DA-BE62-557A62478FDF}"
EndProject
Global
	GlobalSection(SolutionConfigurationPlatforms) = preSolution
		Debug ANSI|Win32 = Debug ANSI|Win32
		Debug ANSI|x64 = Debug ANSI|x64
		Debug ANSI|x86 = Debug ANSI|x86
		Debug Unicode Console|Win32 = Debug Unicode Console|Win32
		Debug Unicode Console|x64 = Debug Unicode Console|x64
		Debug Unicode Console|x86 = Debug Unicode Console|x86
		Debug Unicode|Win32 = Debug Unicode|Win32
		Debug Unicode|x64 = Debug Unicode|x64
		Debug Unicode|x86 = Debug Unicode|x86
		Debug|Win32 = Debug|Win32
		Debug|x64 = Debug|x64
		Debug|x86 = Debug|x86
		Pre32_RETAIL|Win32 = Pre32_RETAIL|Win32
		Pre32_RETAIL|x64 = Pre32_RETAIL|x64
		Pre32_RETAIL|x86 = Pre32_RETAIL|x86
		Release ANSI|Win32 = Release ANSI|Win32
		Release ANSI|x64 = Release ANSI|x64
		Release ANSI|x86 = Release ANSI|x86
		Release Unicode|Win32 = Release Unicode|Win32
		Release Unicode|x64 = Release Unicode|x64
		Release Unicode|x86 = Release Unicode|x86
		Release|Win32 = Release|Win32
		Release|x64 = Release|x64
		Release|x86 = Release|x86
	EndGlobalSection
	GlobalSection(ProjectConfigurationPlatforms) = postSolution
		{4C971282-E758-4BA4-B2EF-905613EAADD8}.Debug ANSI|Win32.ActiveCfg = Debug|Win32
		{4C971282-E758-4BA4-B2EF-905613EAADD8}.Debug ANSI|Win32.Build.0 = Debug|Win32
		{4C971282-E758-4BA4-B2EF-905613EAADD8}.Debug ANSI|x64.ActiveCfg = Debug|x64
		{4C971282-E758-4BA4-B2EF-905613EAADD8}.Debug ANSI|x64.Build.0 = Debug|x64
		{4C971282-E758-4BA4-B2EF-905613EAADD8}.Debug ANSI|x86.ActiveCfg = Debug Unicode|Win32
		{4C971282-E758-4BA4-B2EF-905613EAADD8}.Debug ANSI|x86.Build.0 = Debug Unicode|Win32
		{4C971282-E758-4BA4-B2EF-905613EAADD8}.Debug Unicode Console|Win32.ActiveCfg = Debug Unicode Console|Win32
		{4C971282-E758-4BA4-B2EF-905613EAADD8}.Debug Unicode Console|Win32.Build.0 = Debug Unicode Console|Win32
		{4C971282-E758-4BA4-B2EF-905613EAADD8}.Debug Unicode Console|x64.ActiveCfg = Debug Unicode Console|x64
		{4C971282-E758-4BA4-B2EF-905613EAADD8}.Debug Unicode Console|x64.Build.0 = Debug Unicode Console|x64
		{4C971282-E758-4BA4-B2EF-905613EAADD8}.Debug Unicode Console|x86.ActiveCfg = Debug Unicode Console|Win32
		{4C971282-E758-4BA4-B2EF-905613EAADD8}.Debug Unicode Console|x86.Build.0 = Debug Unicode Console|Win32
		{4C971282-E758-4BA4-B2EF-905613EAADD8}.Debug Unicode|Win32.ActiveCfg = Debug Unicode|Win32
		{4C971282-E758-4BA4-B2EF-905613EAADD8}.Debug Unicode|Win32.Build.0 = Debug Unicode|Win32
		{4C971282-E758-4BA4-B2EF-905613EAADD8}.Debug Unicode|x64.ActiveCfg = Debug Unicode|x64
		{4C971282-E758-4BA4-B2EF-905613EAADD8}.Debug Unicode|x64.Build.0 = Debug Unicode|x64
		{4C971282-E758-4BA4-B2EF-905613EAADD8}.Debug Unicode|x86.ActiveCfg = Debug Unicode|Win32
		{4C971282-E758-4BA4-B2EF-905613EAADD8}.Debug Unicode|x86.Build.0 = Debug Unicode|Win32
		{4C971282-E758-4BA4-B2EF-905613EAADD8}.Debug|Win32.ActiveCfg = Debug|Win32
		{4C971282-E758-4BA4-B2EF-905613EAADD8}.Debug|Win32.Build.0 = Debug|Win32
		{4C971282-E758-4BA4-B2EF-905613EAADD8}.Debug|x64.ActiveCfg = Debug|x64
		{4C971282-E758-4BA4-B2EF-905613EAADD8}.Debug|x64.Build.0 = Debug|x64
		{4C971282-E758-4BA4-B2EF-905613EAADD8}.Debug|x86.ActiveCfg = Debug|Win32
		{4C971282-E758-4BA4-B2EF-905613EAADD8}.Debug|x86.Build.0 = Debug|Win32
		{4C971282-E758-4BA4-B2EF-905613EAADD8}.Pre32_RETAIL|Win32.ActiveCfg = Release Unicode|Win32
		{4C971282-E758-4BA4-B2EF-905613EAADD8}.Pre32_RETAIL|Win32.Build.0 = Release Unicode|Win32
		{4C971282-E758-4BA4-B2EF-905613EAADD8}.Pre32_RETAIL|x64.ActiveCfg = Release Unicode|x64
		{4C971282-E758-4BA4-B2EF-905613EAADD8}.Pre32_RETAIL|x64.Build.0 = Release Unicode|x64
		{4C971282-E758-4BA4-B2EF-905613EAADD8}.Pre32_RETAIL|x86.ActiveCfg = Release Unicode|Win32
		{4C971282-E758-4BA4-B2EF-905613EAADD8}.Pre32_RETAIL|x86.Build.0 = Release Unicode|Win32
		{4C971282-E758-4BA4-B2EF-905613EAADD8}.Release ANSI|Win32.ActiveCfg = Release|Win32
		{4C971282-E758-4BA4-B2EF-905613EAADD8}.Release ANSI|Win32.Build.0 = Release|Win32
		{4C971282-E758-4BA4-B2EF-905613EAADD8}.Release ANSI|x64.ActiveCfg = Release|x64
		{4C971282-E758-4BA4-B2EF-905613EAADD8}.Release ANSI|x64.Build.0 = Release|x64
		{4C971282-E758-4BA4-B2EF-905613EAADD8}.Release ANSI|x86.ActiveCfg = Release Unicode|Win32
		{4C971282-E758-4BA4-B2EF-905613EAADD8}.Release ANSI|x86.Build.0 = Release Unicode|Win32
		{4C971282-E758-4BA4-B2EF-905613EAADD8}.Release Unicode|Win32.ActiveCfg = Release Unicode|Win32
		{4C971282-E758-4BA4-B2EF-905613EAADD8}.Release Unicode|Win32.Build.0 = Release Unicode|Win32
		{4C971282-E758-4BA4-B2EF-905613EAADD8}.Release Unicode|x64.ActiveCfg = Release Unicode|x64
		{4C971282-E758-4BA4-B2EF-905613EAADD8}.Release Unicode|x64.Build.0 = Release Unicode|x64
		{4C971282-E758-4BA4-B2EF-905613EAADD8}.Release Unicode|x86.ActiveCfg = Release Unicode|Win32
		{4C971282-E758-4BA4-B2EF-905613EAADD8}.Release Unicode|x86.Build.0 = Release Unicode|Win32
		{4C971282-E758-4BA4-B2EF-905613EAADD8}.Release|Win32.ActiveCfg = Release|Win32
		{4C971282-E758-4BA4-B2EF-905613EAADD8}.Release|Win32.Build.0 = Release|Win32
		{4C971282-E758-4BA4-B2EF-905613EAADD8}.Release|x64.ActiveCfg = Release|x64
		{4C971282-E758-4BA4-B2EF-905613EAADD8}.Release|x64.Build.0 = Release|x64
		{4C971282-E758-4BA4-B2EF-905613EAADD8}.Release|x86.ActiveCfg = Release|Win32
		{4C971282-E758-4BA4-B2EF-905613EAADD8}.Release|x86.Build.0 = Release|Win32
	EndGlobalSection
	GlobalSection(SolutionProperties) = preSolution
		HideSolutionNode = FALSE
	EndGlobalSection
	GlobalSection(ExtensibilityGlobals) = postSolution
		SolutionGuid = {E95689F6-70EA-4146-A28E-2F990C4DBD42}
	EndGlobalSection
EndGlobal
